// !$*UTF8*$!
{
	archiveVersion = 1;
	classes = {
	};
	objectVersion = 56;
	objects = {

/* Begin PBXBuildFile section */
		AA000001 /* NeuroShellApp.swift in Sources */ = {isa = PBXBuildFile; fileRef = AA000010; };
		AA000002 /* ContentView.swift in Sources */ = {isa = PBXBuildFile; fileRef = AA000011; };
		AA000003 /* TerminalView.swift in Sources */ = {isa = PBXBuildFile; fileRef = AA000012; };
		AA000004 /* TaskChunkerView.swift in Sources */ = {isa = PBXBuildFile; fileRef = AA000013; };
		AA000005 /* TimerView.swift in Sources */ = {isa = PBXBuildFile; fileRef = AA000014; };
		AA000006 /* SettingsView.swift in Sources */ = {isa = PBXBuildFile; fileRef = AA000015; };
		AA000007 /* TaskModel.swift in Sources */ = {isa = PBXBuildFile; fileRef = AA000016; };
		AA000008 /* TerminalService.swift in Sources */ = {isa = PBXBuildFile; fileRef = AA000017; };
		AA000009 /* CommandSuggestionEngine.swift in Sources */ = {isa = PBXBuildFile; fileRef = AA000018; };
		AA00000A /* TimerService.swift in Sources */ = {isa = PBXBuildFile; fileRef = AA000019; };
		AA00000B /* Assets.xcassets in Resources */ = {isa = PBXBuildFile; fileRef = AA00001A; };
		AA00000D /* HyperfocusGuard.swift in Sources */ = {isa = PBXBuildFile; fileRef = AA00001C; };
		AA00000E /* GentleReminderView.swift in Sources */ = {isa = PBXBuildFile; fileRef = AA00001D; };
		AA00000F /* BreathingExerciseView.swift in Sources */ = {isa = PBXBuildFile; fileRef = AA00001E; };
		AA000020 /* AppState.swift in Sources */ = {isa = PBXBuildFile; fileRef = AA000021; };
		AA000022 /* QuickActionsView.swift in Sources */ = {isa = PBXBuildFile; fileRef = AA000023; };
		AA000024 /* ContextMemory.swift in Sources */ = {isa = PBXBuildFile; fileRef = AA000025; };
		AA000026 /* OutputParserService.swift in Sources */ = {isa = PBXBuildFile; fileRef = AA000027; };
		AA000028 /* LolcatRenderer.swift in Sources */ = {isa = PBXBuildFile; fileRef = AA000029; };
		BB000030 /* SoundElement.swift in Sources */ = {isa = PBXBuildFile; fileRef = BB000040; };
		BB000031 /* NoiseGenerator.swift in Sources */ = {isa = PBXBuildFile; fileRef = BB000041; };
		BB000032 /* AudioMixEngine.swift in Sources */ = {isa = PBXBuildFile; fileRef = BB000042; };
		BB000033 /* MixPreset.swift in Sources */ = {isa = PBXBuildFile; fileRef = BB000043; };
		BB000034 /* PresetStore.swift in Sources */ = {isa = PBXBuildFile; fileRef = BB000044; };
		BB000035 /* SoundMixerView.swift in Sources */ = {isa = PBXBuildFile; fileRef = BB000045; };
		BB000036 /* ElementCard.swift in Sources */ = {isa = PBXBuildFile; fileRef = BB000046; };
		BB000037 /* ScreenshotPreviews.swift in Sources */ = {isa = PBXBuildFile; fileRef = BB000047; };
/* End PBXBuildFile section */

/* Begin PBXFileReference section */
		AA000100 /* NeuroShell.app */ = {isa = PBXFileReference; explicitFileType = wrapper.application; includeInIndex = 0; path = NeuroShell.app; sourceTree = BUILT_PRODUCTS_DIR; };
		AA000010 /* NeuroShellApp.swift */ = {isa = PBXFileReference; lastKnownFileType = sourcecode.swift; path = NeuroShellApp.swift; sourceTree = "<group>"; };
		AA000011 /* ContentView.swift */ = {isa = PBXFileReference; lastKnownFileType = sourcecode.swift; path = ContentView.swift; sourceTree = "<group>"; };
		AA000012 /* TerminalView.swift */ = {isa = PBXFileReference; lastKnownFileType = sourcecode.swift; path = TerminalView.swift; sourceTree = "<group>"; };
		AA000013 /* TaskChunkerView.swift */ = {isa = PBXFileReference; lastKnownFileType = sourcecode.swift; path = TaskChunkerView.swift; sourceTree = "<group>"; };
		AA000014 /* TimerView.swift */ = {isa = PBXFileReference; lastKnownFileType = sourcecode.swift; path = TimerView.swift; sourceTree = "<group>"; };
		AA000015 /* SettingsView.swift */ = {isa = PBXFileReference; lastKnownFileType = sourcecode.swift; path = SettingsView.swift; sourceTree = "<group>"; };
		AA000016 /* TaskModel.swift */ = {isa = PBXFileReference; lastKnownFileType = sourcecode.swift; path = TaskModel.swift; sourceTree = "<group>"; };
		AA000017 /* TerminalService.swift */ = {isa = PBXFileReference; lastKnownFileType = sourcecode.swift; path = TerminalService.swift; sourceTree = "<group>"; };
		AA000018 /* CommandSuggestionEngine.swift */ = {isa = PBXFileReference; lastKnownFileType = sourcecode.swift; path = CommandSuggestionEngine.swift; sourceTree = "<group>"; };
		AA000019 /* TimerService.swift */ = {isa = PBXFileReference; lastKnownFileType = sourcecode.swift; path = TimerService.swift; sourceTree = "<group>"; };
		AA00001A /* Assets.xcassets */ = {isa = PBXFileReference; lastKnownFileType = folder.assetcatalog; path = Assets.xcassets; sourceTree = "<group>"; };
		AA00001C /* HyperfocusGuard.swift */ = {isa = PBXFileReference; lastKnownFileType = sourcecode.swift; path = HyperfocusGuard.swift; sourceTree = "<group>"; };
		AA00001D /* GentleReminderView.swift */ = {isa = PBXFileReference; lastKnownFileType = sourcecode.swift; path = GentleReminderView.swift; sourceTree = "<group>"; };
		AA00001E /* BreathingExerciseView.swift */ = {isa = PBXFileReference; lastKnownFileType = sourcecode.swift; path = BreathingExerciseView.swift; sourceTree = "<group>"; };
		AA000021 /* AppState.swift */ = {isa = PBXFileReference; lastKnownFileType = sourcecode.swift; path = AppState.swift; sourceTree = "<group>"; };
		AA000023 /* QuickActionsView.swift */ = {isa = PBXFileReference; lastKnownFileType = sourcecode.swift; path = QuickActionsView.swift; sourceTree = "<group>"; };
		AA000025 /* ContextMemory.swift */ = {isa = PBXFileReference; lastKnownFileType = sourcecode.swift; path = ContextMemory.swift; sourceTree = "<group>"; };
		AA000027 /* OutputParserService.swift */ = {isa = PBXFileReference; lastKnownFileType = sourcecode.swift; path = OutputParserService.swift; sourceTree = "<group>"; };
		AA000029 /* LolcatRenderer.swift */ = {isa = PBXFileReference; lastKnownFileType = sourcecode.swift; path = LolcatRenderer.swift; sourceTree = "<group>"; };
		AA00001F /* NeuroShell.entitlements */ = {isa = PBXFileReference; lastKnownFileType = text.plist.entitlements; path = NeuroShell.entitlements; sourceTree = "<group>"; };
		AA000099 /* Info.plist */ = {isa = PBXFileReference; lastKnownFileType = text.plist.xml; path = Info.plist; sourceTree = "<group>"; };
		BB000040 /* SoundElement.swift */ = {isa = PBXFileReference; lastKnownFileType = sourcecode.swift; path = SoundElement.swift; sourceTree = "<group>"; };
		BB000041 /* NoiseGenerator.swift */ = {isa = PBXFileReference; lastKnownFileType = sourcecode.swift; path = NoiseGenerator.swift; sourceTree = "<group>"; };
		BB000042 /* AudioMixEngine.swift */ = {isa = PBXFileReference; lastKnownFileType = sourcecode.swift; path = AudioMixEngine.swift; sourceTree = "<group>"; };
		BB000043 /* MixPreset.swift */ = {isa = PBXFileReference; lastKnownFileType = sourcecode.swift; path = MixPreset.swift; sourceTree = "<group>"; };
		BB000044 /* PresetStore.swift */ = {isa = PBXFileReference; lastKnownFileType = sourcecode.swift; path = PresetStore.swift; sourceTree = "<group>"; };
		BB000045 /* SoundMixerView.swift */ = {isa = PBXFileReference; lastKnownFileType = sourcecode.swift; path = SoundMixerView.swift; sourceTree = "<group>"; };
		BB000046 /* ElementCard.swift */ = {isa = PBXFileReference; lastKnownFileType = sourcecode.swift; path = ElementCard.swift; sourceTree = "<group>"; };
		BB000047 /* ScreenshotPreviews.swift */ = {isa = PBXFileReference; lastKnownFileType = sourcecode.swift; path = ScreenshotPreviews.swift; sourceTree = "<group>"; };
/* End PBXFileReference section */

/* Begin PBXFrameworksBuildPhase section */
		AA000200 /* Frameworks */ = {
			isa = PBXFrameworksBuildPhase;
			buildActionMask = 2147483647;
			files = (
			);
			runOnlyForDeploymentPostprocessing = 0;
		};
/* End PBXFrameworksBuildPhase section */

/* Begin PBXGroup section */
		AA000300 = {
			isa = PBXGroup;
			children = (
				AA000301 /* NeuroShell */,
				AA000302 /* Products */,
			);
			sourceTree = "<group>";
		};
		AA000301 /* NeuroShell */ = {
			isa = PBXGroup;
			children = (
				AA000010 /* NeuroShellApp.swift */,
				AA000011 /* ContentView.swift */,
				AA000021 /* AppState.swift */,
				AA000303 /* Views */,
				AA000304 /* Models */,
				AA000305 /* Services */,
				BB000306 /* Audio */,
				AA00001A /* Assets.xcassets */,
				AA00001F /* NeuroShell.entitlements */,
				AA000099 /* Info.plist */,
			);
			path = NeuroShell;
			sourceTree = "<group>";
		};
		AA000302 /* Products */ = {
			isa = PBXGroup;
			children = (
				AA000100 /* NeuroShell.app */,
			);
			name = Products;
			sourceTree = "<group>";
		};
		AA000303 /* Views */ = {
			isa = PBXGroup;
			children = (
				AA000012 /* TerminalView.swift */,
				AA000013 /* TaskChunkerView.swift */,
				AA000014 /* TimerView.swift */,
				AA000015 /* SettingsView.swift */,
				AA00001D /* GentleReminderView.swift */,
				AA00001E /* BreathingExerciseView.swift */,
				AA000023 /* QuickActionsView.swift */,
				BB000045 /* SoundMixerView.swift */,
				BB000046 /* ElementCard.swift */,
				BB000047 /* ScreenshotPreviews.swift */,
			);
			path = Views;
			sourceTree = "<group>";
		};
		BB000306 /* Audio */ = {
			isa = PBXGroup;
			children = (
				BB000040 /* SoundElement.swift */,
				BB000041 /* NoiseGenerator.swift */,
				BB000042 /* AudioMixEngine.swift */,
				BB000043 /* MixPreset.swift */,
				BB000044 /* PresetStore.swift */,
			);
			path = Audio;
			sourceTree = "<group>";
		};
		AA000304 /* Models */ = {
			isa = PBXGroup;
			children = (
				AA000016 /* TaskModel.swift */,
				AA000025 /* ContextMemory.swift */,
			);
			path = Models;
			sourceTree = "<group>";
		};
		AA000305 /* Services */ = {
			isa = PBXGroup;
			children = (
				AA000017 /* TerminalService.swift */,
				AA000018 /* CommandSuggestionEngine.swift */,
				AA000019 /* TimerService.swift */,
				AA00001C /* HyperfocusGuard.swift */,
				AA000027 /* OutputParserService.swift */,
				AA000029 /* LolcatRenderer.swift */,
			);
			path = Services;
			sourceTree = "<group>";
		};
/* End PBXGroup section */

/* Begin PBXNativeTarget section */
		AA000400 /* NeuroShell */ = {
			isa = PBXNativeTarget;
			buildConfigurationList = AA000600;
			buildPhases = (
				AA000500 /* Sources */,
				AA000200 /* Frameworks */,
				AA000501 /* Resources */,
			);
			buildRules = (
			);
			dependencies = (
			);
			name = NeuroShell;
			productName = NeuroShell;
			productReference = AA000100;
			productType = "com.apple.product-type.application";
		};
/* End PBXNativeTarget section */

/* Begin PBXProject section */
		AA000700 /* Project object */ = {
			isa = PBXProject;
			attributes = {
				BuildIndependentTargetsInParallel = 1;
				LastSwiftUpdateCheck = 1500;
				LastUpgradeCheck = 1500;
				TargetAttributes = {
					AA000400 = {
						CreatedOnToolsVersion = 15.0;
					};
				};
			};
			buildConfigurationList = AA000800;
			compatibilityVersion = "Xcode 14.0";
			developmentRegion = en;
			hasScannedForEncodings = 0;
			knownRegions = (
				en,
				Base,
			);
			mainGroup = AA000300;
			productRefGroup = AA000302;
			projectDirPath = "";
			projectRoot = "";
			targets = (
				AA000400 /* NeuroShell */,
			);
		};
/* End PBXProject section */

/* Begin PBXResourcesBuildPhase section */
		AA000501 /* Resources */ = {
			isa = PBXResourcesBuildPhase;
			buildActionMask = 2147483647;
			files = (
				AA00000B /* Assets.xcassets in Resources */,
			);
			runOnlyForDeploymentPostprocessing = 0;
		};
/* End PBXResourcesBuildPhase section */

/* Begin PBXSourcesBuildPhase section */
		AA000500 /* Sources */ = {
			isa = PBXSourcesBuildPhase;
			buildActionMask = 2147483647;
			files = (
				AA000001 /* NeuroShellApp.swift in Sources */,
				AA000002 /* ContentView.swift in Sources */,
				AA000003 /* TerminalView.swift in Sources */,
				AA000004 /* TaskChunkerView.swift in Sources */,
				AA000005 /* TimerView.swift in Sources */,
				AA000006 /* SettingsView.swift in Sources */,
				AA000007 /* TaskModel.swift in Sources */,
				AA000008 /* TerminalService.swift in Sources */,
				AA000009 /* CommandSuggestionEngine.swift in Sources */,
				AA00000A /* TimerService.swift in Sources */,
				AA00000D /* HyperfocusGuard.swift in Sources */,
				AA00000E /* GentleReminderView.swift in Sources */,
				AA00000F /* BreathingExerciseView.swift in Sources */,
				AA000020 /* AppState.swift in Sources */,
				AA000022 /* QuickActionsView.swift in Sources */,
				AA000024 /* ContextMemory.swift in Sources */,
				AA000026 /* OutputParserService.swift in Sources */,
				AA000028 /* LolcatRenderer.swift in Sources */,
				BB000030 /* SoundElement.swift in Sources */,
				BB000031 /* NoiseGenerator.swift in Sources */,
				BB000032 /* AudioMixEngine.swift in Sources */,
				BB000033 /* MixPreset.swift in Sources */,
				BB000034 /* PresetStore.swift in Sources */,
				BB000035 /* SoundMixerView.swift in Sources */,
				BB000036 /* ElementCard.swift in Sources */,
				BB000037 /* ScreenshotPreviews.swift in Sources */,
			);
			runOnlyForDeploymentPostprocessing = 0;
		};
/* End PBXSourcesBuildPhase section */

/* Begin XCBuildConfiguration section */
		AA000601 /* Debug */ = {
			isa = XCBuildConfiguration;
			buildSettings = {
				ASSETCATALOG_COMPILER_APPICON_NAME = AppIcon;
				ASSETCATALOG_COMPILER_GLOBAL_ACCENT_COLOR_NAME = AccentColor;
				CODE_SIGN_ENTITLEMENTS = NeuroShell/NeuroShell.entitlements;
				CODE_SIGN_STYLE = Automatic;
				COMBINE_HIDPI_IMAGES = YES;
				CURRENT_PROJECT_VERSION = 1;
				DEVELOPMENT_ASSET_PATHS = "";
				ENABLE_PREVIEWS = YES;
				GENERATE_INFOPLIST_FILE = YES;
				INFOPLIST_FILE = NeuroShell/Info.plist;
				INFOPLIST_KEY_LSApplicationCategoryType = "public.app-category.developer-tools";
				INFOPLIST_KEY_NSHumanReadableCopyright = "Copyright © 2025 NeuroShell. All rights reserved.";
				LD_RUNPATH_SEARCH_PATHS = (
					"$(inherited)",
					"@executable_path/../Frameworks",
				);
				MACOSX_DEPLOYMENT_TARGET = 13.0;
				MARKETING_VERSION = 2.0;
				PRODUCT_BUNDLE_IDENTIFIER = com.neuroshell.app;
				PRODUCT_NAME = "$(TARGET_NAME)";
				SWIFT_EMIT_LOC_STRINGS = YES;
				SWIFT_VERSION = 5.0;
			};
			name = Debug;
		};
		AA000602 /* Release */ = {
			isa = XCBuildConfiguration;
			buildSettings = {
				ASSETCATALOG_COMPILER_APPICON_NAME = AppIcon;
				ASSETCATALOG_COMPILER_GLOBAL_ACCENT_COLOR_NAME = AccentColor;
				CODE_SIGN_ENTITLEMENTS = NeuroShell/NeuroShell.entitlements;
				CODE_SIGN_STYLE = Automatic;
				COMBINE_HIDPI_IMAGES = YES;
				CURRENT_PROJECT_VERSION = 1;
				DEVELOPMENT_ASSET_PATHS = "";
				ENABLE_PREVIEWS = YES;
				GENERATE_INFOPLIST_FILE = YES;
				INFOPLIST_FILE = NeuroShell/Info.plist;
				INFOPLIST_KEY_LSApplicationCategoryType = "public.app-category.developer-tools";
				INFOPLIST_KEY_NSHumanReadableCopyright = "Copyright © 2025 NeuroShell. All rights reserved.";
				LD_RUNPATH_SEARCH_PATHS = (
					"$(inherited)",
					"@executable_path/../Frameworks",
				);
				MACOSX_DEPLOYMENT_TARGET = 13.0;
				MARKETING_VERSION = 2.0;
				PRODUCT_BUNDLE_IDENTIFIER = com.neuroshell.app;
				PRODUCT_NAME = "$(TARGET_NAME)";
				SWIFT_EMIT_LOC_STRINGS = YES;
				SWIFT_VERSION = 5.0;
			};
			name = Release;
		};
		AA000801 /* Debug */ = {
			isa = XCBuildConfiguration;
			buildSettings = {
				ALWAYS_SEARCH_USER_PATHS = NO;
				ASSETCATALOG_COMPILER_GENERATE_SWIFT_ASSET_SYMBOL_EXTENSIONS = YES;
				CLANG_ANALYZER_NONNULL = YES;
				CLANG_ANALYZER_NUMBER_OBJECT_CONVERSION = YES_AGGRESSIVE;
				CLANG_CXX_LANGUAGE_STANDARD = "gnu++20";
				CLANG_ENABLE_MODULES = YES;
				CLANG_ENABLE_OBJC_ARC = YES;
				CLANG_ENABLE_OBJC_WEAK = YES;
				CLANG_WARN_BLOCK_CAPTURE_AUTORELEASING = YES;
				CLANG_WARN_BOOL_CONVERSION = YES;
				CLANG_WARN_COMMA = YES;
				CLANG_WARN_CONSTANT_CONVERSION = YES;
				CLANG_WARN_DEPRECATED_OBJC_IMPLEMENTATIONS = YES;
				CLANG_WARN_DIRECT_OBJC_ISA_USAGE = YES_ERROR;
				CLANG_WARN_DOCUMENTATION_COMMENTS = YES;
				CLANG_WARN_EMPTY_BODY = YES;
				CLANG_WARN_ENUM_CONVERSION = YES;
				CLANG_WARN_INFINITE_RECURSION = YES;
				CLANG_WARN_INT_CONVERSION = YES;
				CLANG_WARN_NON_LITERAL_NULL_CONVERSION = YES;
				CLANG_WARN_OBJC_IMPLICIT_RETAIN_SELF = YES;
				CLANG_WARN_OBJC_LITERAL_CONVERSION = YES;
				CLANG_WARN_OBJC_ROOT_CLASS = YES_ERROR;
				CLANG_WARN_QUOTED_INCLUDE_IN_FRAMEWORK_HEADER = YES;
				CLANG_WARN_RANGE_LOOP_ANALYSIS = YES;
				CLANG_WARN_STRICT_PROTOTYPES = YES;
				CLANG_WARN_SUSPICIOUS_MOVE = YES;
				CLANG_WARN_UNGUARDED_AVAILABILITY = YES_AGGRESSIVE;
				CLANG_WARN_UNREACHABLE_CODE = YES;
				CLANG_WARN__DUPLICATE_METHOD_MATCH = YES;
				COPY_PHASE_STRIP = NO;
				DEBUG_INFORMATION_FORMAT = dwarf;
				ENABLE_STRICT_OBJC_MSGSEND = YES;
				ENABLE_TESTABILITY = YES;
				ENABLE_USER_SCRIPT_SANDBOXING = YES;
				GCC_C_LANGUAGE_STANDARD = gnu17;
				GCC_DYNAMIC_NO_PIC = NO;
				GCC_NO_COMMON_BLOCKS = YES;
				GCC_OPTIMIZATION_LEVEL = 0;
				GCC_PREPROCESSOR_DEFINITIONS = (
					"DEBUG=1",
					"$(inherited)",
				);
				GCC_WARN_64_TO_32_BIT_CONVERSION = YES;
				GCC_WARN_ABOUT_RETURN_TYPE = YES_ERROR;
				GCC_WARN_UNDECLARED_SELECTOR = YES;
				GCC_WARN_UNINITIALIZED_AUTOS = YES_AGGRESSIVE;
				GCC_WARN_UNUSED_FUNCTION = YES;
				GCC_WARN_UNUSED_VARIABLE = YES;
				MACOSX_DEPLOYMENT_TARGET = 13.0;
				MTL_ENABLE_DEBUG_INFO = INCLUDE_SOURCE;
				MTL_FAST_MATH = YES;
				ONLY_ACTIVE_ARCH = YES;
				SDKROOT = macosx;
				SWIFT_ACTIVE_COMPILATION_CONDITIONS = "DEBUG $(inherited)";
				SWIFT_OPTIMIZATION_LEVEL = "-Onone";
			};
			name = Debug;
		};
		AA000802 /* Release */ = {
			isa = XCBuildConfiguration;
			buildSettings = {
				ALWAYS_SEARCH_USER_PATHS = NO;
				ASSETCATALOG_COMPILER_GENERATE_SWIFT_ASSET_SYMBOL_EXTENSIONS = YES;
				CLANG_ANALYZER_NONNULL = YES;
				CLANG_ANALYZER_NUMBER_OBJECT_CONVERSION = YES_AGGRESSIVE;
				CLANG_CXX_LANGUAGE_STANDARD = "gnu++20";
				CLANG_ENABLE_MODULES = YES;
				CLANG_ENABLE_OBJC_ARC = YES;
				CLANG_ENABLE_OBJC_WEAK = YES;
				CLANG_WARN_BLOCK_CAPTURE_AUTORELEASING = YES;
				CLANG_WARN_BOOL_CONVERSION = YES;
				CLANG_WARN_COMMA = YES;
				CLANG_WARN_CONSTANT_CONVERSION = YES;
				CLANG_WARN_DEPRECATED_OBJC_IMPLEMENTATIONS = YES;
				CLANG_WARN_DIRECT_OBJC_ISA_USAGE = YES_ERROR;
				CLANG_WARN_DOCUMENTATION_COMMENTS = YES;
				CLANG_WARN_EMPTY_BODY = YES;
				CLANG_WARN_ENUM_CONVERSION = YES;
				CLANG_WARN_INFINITE_RECURSION = YES;
				CLANG_WARN_INT_CONVERSION = YES;
				CLANG_WARN_NON_LITERAL_NULL_CONVERSION = YES;
				CLANG_WARN_OBJC_IMPLICIT_RETAIN_SELF = YES;
				CLANG_WARN_OBJC_LITERAL_CONVERSION = YES;
				CLANG_WARN_OBJC_ROOT_CLASS = YES_ERROR;
				CLANG_WARN_QUOTED_INCLUDE_IN_FRAMEWORK_HEADER = YES;
				CLANG_WARN_RANGE_LOOP_ANALYSIS = YES;
				CLANG_WARN_STRICT_PROTOTYPES = YES;
				CLANG_WARN_SUSPICIOUS_MOVE = YES;
				CLANG_WARN_UNGUARDED_AVAILABILITY = YES_AGGRESSIVE;
				CLANG_WARN_UNREACHABLE_CODE = YES;
				CLANG_WARN__DUPLICATE_METHOD_MATCH = YES;
				COPY_PHASE_STRIP = NO;
				DEBUG_INFORMATION_FORMAT = "dwarf-with-dsym";
				ENABLE_NS_ASSERTIONS = NO;
				ENABLE_STRICT_OBJC_MSGSEND = YES;
				ENABLE_USER_SCRIPT_SANDBOXING = YES;
				GCC_C_LANGUAGE_STANDARD = gnu17;
				GCC_NO_COMMON_BLOCKS = YES;
				GCC_WARN_64_TO_32_BIT_CONVERSION = YES;
				GCC_WARN_ABOUT_RETURN_TYPE = YES_ERROR;
				GCC_WARN_UNDECLARED_SELECTOR = YES;
				GCC_WARN_UNINITIALIZED_AUTOS = YES_AGGRESSIVE;
				GCC_WARN_UNUSED_FUNCTION = YES;
				GCC_WARN_UNUSED_VARIABLE = YES;
				MACOSX_DEPLOYMENT_TARGET = 13.0;
				MTL_ENABLE_DEBUG_INFO = NO;
				MTL_FAST_MATH = YES;
				SDKROOT = macosx;
				SWIFT_COMPILATION_MODE = wholemodule;
			};
			name = Release;
		};
/* End XCBuildConfiguration section */

/* Begin XCConfigurationList section */
		AA000600 /* Build configuration list for PBXNativeTarget "NeuroShell" */ = {
			isa = XCConfigurationList;
			buildConfigurations = (
				AA000601 /* Debug */,
				AA000602 /* Release */,
			);
			defaultConfigurationIsVisible = 0;
			defaultConfigurationName = Release;
		};
		AA000800 /* Build configuration list for PBXProject "NeuroShell" */ = {
			isa = XCConfigurationList;
			buildConfigurations = (
				AA000801 /* Debug */,
				AA000802 /* Release */,
			);
			defaultConfigurationIsVisible = 0;
			defaultConfigurationName = Release;
		};
/* End XCConfigurationList section */
	};
	rootObject = AA000700 /* Project object */;
}
